
Microsoft Visual Studio Solution File, Format Version 12.00
# Visual Studio Version 17
VisualStudioVersion = 17.11.35303.130
MinimumVisualStudioVersion = 10.0.40219.1
Project("{FAE04EC0-301F-11D3-BF4B-00C04F79EFBC}") = "NJUArchery SQL Component", "..\NJUArchery SQL Component\NJUArchery SQL Component.csproj", "{FC9509AA-27D0-4F25-8149-995470AA63FA}"
EndProject
Project("{FAE04EC0-301F-11D3-BF4B-00C04F79EFBC}") = "NJUArchery DataReader Component", "NJUArchery DataReader Component\NJUArchery DataReader Component.csproj", "{B964AB96-CC46-4814-B7CD-5247B9FE40E3}"
EndProject
Project("{FAE04EC0-301F-11D3-BF4B-00C04F79EFBC}") = "NJUArchery WebClient Component", "NJUArchery WebClient Component\NJUArchery WebClient Component.csproj", "{64BCA5F6-348A-40EA-AC9B-81C7DCFB0233}"
EndProject
Global
	GlobalSection(SolutionConfigurationPlatforms) = preSolution
		Debug|Any CPU = Debug|Any CPU
		Release|Any CPU = Release|Any CPU
	EndGlobalSection
	GlobalSection(ProjectConfigurationPlatforms) = postSolution
		{FC9509AA-27D0-4F25-8149-995470AA63FA}.Debug|Any CPU.ActiveCfg = Debug|Any CPU
		{FC9509AA-27D0-4F25-8149-995470AA63FA}.Debug|Any CPU.Build.0 = Debug|Any CPU
		{FC9509AA-27D0-4F25-8149-995470AA63FA}.Release|Any CPU.ActiveCfg = Release|Any CPU
		{FC9509AA-27D0-4F25-8149-995470AA63FA}.Release|Any CPU.Build.0 = Release|Any CPU
		{B964AB96-CC46-4814-B7CD-5247B9FE40E3}.Debug|Any CPU.ActiveCfg = Debug|Any CPU
		{B964AB96-CC46-4814-B7CD-5247B9FE40E3}.Debug|Any CPU.Build.0 = Debug|Any CPU
		{B964AB96-CC46-4814-B7CD-5247B9FE40E3}.Release|Any CPU.ActiveCfg = Release|Any CPU
		{B964AB96-CC46-4814-B7CD-5247B9FE40E3}.Release|Any CPU.Build.0 = Release|Any CPU
		{64BCA5F6-348A-40EA-AC9B-81C7DCFB0233}.Debug|Any CPU.ActiveCfg = Debug|Any CPU
		{64BCA5F6-348A-40EA-AC9B-81C7DCFB0233}.Debug|Any CPU.Build.0 = Debug|Any CPU
		{64BCA5F6-348A-40EA-AC9B-81C7DCFB0233}.Release|Any CPU.ActiveCfg = Release|Any CPU
		{64BCA5F6-348A-40EA-AC9B-81C7DCFB0233}.Release|Any CPU.Build.0 = Release|Any CPU
	EndGlobalSection
	GlobalSection(SolutionProperties) = preSolution
		HideSolutionNode = FALSE
	EndGlobalSection
	GlobalSection(ExtensibilityGlobals) = postSolution
		SolutionGuid = {0CD9D938-2D51-45B4-936F-4FA6F017FC47}
	EndGlobalSection
EndGlobal
